
Microsoft Visual Studio Solution File, Format Version 12.00
# Visual Studio 15
VisualStudioVersion = 15.0.27703.2026
MinimumVisualStudioVersion = 10.0.40219.1
Project("{FAE04EC0-301F-11D3-BF4B-00C04F79EFBC}") = "WpfApp1", "WpfApp1\WpfApp1.csproj", "{79CA1777-CBB0-4493-A751-A14B7DEF9141}"
EndProject
Project("{FAE04EC0-301F-11D3-BF4B-00C04F79EFBC}") = "Test", "Test\Test.csproj", "{A8E0535E-4A6B-4FB9-86F8-5CBA2F0D591E}"
EndProject
Global
	GlobalSection(SolutionConfigurationPlatforms) = preSolution
		Debug|Any CPU = Debug|Any CPU
		Release|Any CPU = Release|Any CPU
	EndGlobalSection
	GlobalSection(ProjectConfigurationPlatforms) = postSolution
		{79CA1777-CBB0-4493-A751-A14B7DEF9141}.Debug|Any CPU.ActiveCfg = Debug|Any CPU
		{79CA1777-CBB0-4493-A751-A14B7DEF9141}.Debug|Any CPU.Build.0 = Debug|Any CPU
		{79CA1777-CBB0-4493-A751-A14B7DEF9141}.Release|Any CPU.ActiveCfg = Release|Any CPU
		{79CA1777-CBB0-4493-A751-A14B7DEF9141}.Release|Any CPU.Build.0 = Release|Any CPU
		{A8E0535E-4A6B-4FB9-86F8-5CBA2F0D591E}.Debug|Any CPU.ActiveCfg = Debug|Any CPU
		{A8E0535E-4A6B-4FB9-86F8-5CBA2F0D591E}.Debug|Any CPU.Build.0 = Debug|Any CPU
		{A8E0535E-4A6B-4FB9-86F8-5CBA2F0D591E}.Release|Any CPU.ActiveCfg = Release|Any CPU
		{A8E0535E-4A6B-4FB9-86F8-5CBA2F0D591E}.Release|Any CPU.Build.0 = Release|Any CPU
	EndGlobalSection
	GlobalSection(SolutionProperties) = preSolution
		HideSolutionNode = FALSE
	EndGlobalSection
	GlobalSection(ExtensibilityGlobals) = postSolution
		SolutionGuid = {3D0152DD-1C99-406B-8495-B482557A7E25}
	EndGlobalSection
EndGlobal
